# Generated by pub
# See http://pub.dartlang.org/doc/glossary.html#lockfile
packages:
  ds:
    description: ds
    source: hosted
    version: "0.4.3"
  hub:
    description:
      path: "../hub"
      relative: true
    source: path
    version: "0.9.3"
  sparkflow:
    description:
      path: "../sparkflow"
      relative: true
    source: path
    version: "0.5.7"
  streamable:
    description: streamable
    source: hosted
    version: "0.2.7"
